
Microsoft Visual Studio Solution File, Format Version 12.00
# Visual Studio 15
VisualStudioVersion = 15.0.26403.7
MinimumVisualStudioVersion = 10.0.40219.1
Project("{FAE04EC0-301F-11D3-BF4B-00C04F79EFBC}") = "PoeEye.PoeTrade", "PoeEye.PoeTrade\PoeEye.PoeTrade.csproj", "{C6188345-F8DC-4CDC-8C01-ADD0A03BBF1C}"
EndProject
Project("{FAE04EC0-301F-11D3-BF4B-00C04F79EFBC}") = "PoeShared", "PoeShared\PoeShared.csproj", "{12DF53DD-7144-4D2D-B7A1-B4BC5BBDFB69}"
EndProject
Project("{FAE04EC0-301F-11D3-BF4B-00C04F79EFBC}") = "PoeEye.Tests", "PoeEye.Tests\PoeEye.Tests.csproj", "{D9222C80-37C7-40F5-82CE-223F7FBBC724}"
EndProject
Project("{FAE04EC0-301F-11D3-BF4B-00C04F79EFBC}") = "PoeEye", "PoeEye\PoeEye.csproj", "{9BC98190-3DB1-48CD-84F7-96DC843718AE}"
EndProject
Project("{FAE04EC0-301F-11D3-BF4B-00C04F79EFBC}") = "FuzzySearch", "FuzzySearch\FuzzySearch.csproj", "{9CEE14A8-1436-4947-9C62-FF3BA83A330D}"
EndProject
Project("{FAE04EC0-301F-11D3-BF4B-00C04F79EFBC}") = "PoeWhisperMonitor", "PoeWhisperMonitor\PoeWhisperMonitor.csproj", "{75B4A3DB-45C0-4639-B5A3-4D180AD4B9FB}"
EndProject
Project("{FAE04EC0-301F-11D3-BF4B-00C04F79EFBC}") = "PoeEye.ItemParser", "PoeEye.ItemParser\PoeEye.ItemParser.csproj", "{EA3109DD-675D-4837-977D-AF61B203BEBC}"
EndProject
Project("{FAE04EC0-301F-11D3-BF4B-00C04F79EFBC}") = "PoeEye.Console", "PoeEye.Console\PoeEye.Console.csproj", "{5745039E-24A7-40FC-9B61-F6C2EE6F3406}"
EndProject
Project("{FAE04EC0-301F-11D3-BF4B-00C04F79EFBC}") = "PoeEye.PoeTradeRealtimeApi", "PoeEye.PoeTradeRealtimeApi\PoeEye.PoeTradeRealtimeApi.csproj", "{0E9B96E1-A5DC-4F5A-8F43-40BE640D50F4}"
EndProject
Project("{FAE04EC0-301F-11D3-BF4B-00C04F79EFBC}") = "PoeBud", "PoeBud\PoeBud.csproj", "{DA6C88EA-168E-4116-B0D1-0F732D5B4773}"
EndProject
Project("{FAE04EC0-301F-11D3-BF4B-00C04F79EFBC}") = "PoeTradeMonitor", "PoeTradeMonitor\PoeTradeMonitor.csproj", "{9BAED733-7C2B-4AAA-8E60-4B73B612C78E}"
EndProject
Project("{FAE04EC0-301F-11D3-BF4B-00C04F79EFBC}") = "PoeEye.StashRealtimeApi", "PoeEye.StashRealtimeApi\PoeEye.StashRealtimeApi.csproj", "{5CCDF7F6-C2B0-4EC4-B921-4313564BB13A}"
EndProject
Project("{FAE04EC0-301F-11D3-BF4B-00C04F79EFBC}") = "HtmlRenderer", "..\Submodules\HTML-Renderer\Source\HtmlRenderer\HtmlRenderer.csproj", "{FE611685-391F-4E3E-B27E-D3150E51E49B}"
EndProject
Project("{FAE04EC0-301F-11D3-BF4B-00C04F79EFBC}") = "HtmlRenderer.WPF", "..\Submodules\HTML-Renderer\Source\HtmlRenderer.WPF\HtmlRenderer.WPF.csproj", "{7E4E8DB5-85AD-4388-BDCB-38C6F423B8B0}"
EndProject
Project("{FAE04EC0-301F-11D3-BF4B-00C04F79EFBC}") = "PoeEye.StashGrid", "PoeEye.StashGrid\PoeEye.StashGrid.csproj", "{D68029E1-F012-457D-9539-FBAA9E1DB33B}"
EndProject
Project("{FAE04EC0-301F-11D3-BF4B-00C04F79EFBC}") = "PoeEye.Pickit", "PoeEye.Pickit\PoeEye.Pickit.csproj", "{DC0A4ED0-09A5-4B42-B4F1-A51D04D8F714}"
EndProject
Project("{FAE04EC0-301F-11D3-BF4B-00C04F79EFBC}") = "PoeEye.PathOfExileTrade", "PoeEye.PathOfExileTrade\PoeEye.PathOfExileTrade.csproj", "{AA60411B-1EAD-4925-ACF0-2380AECE35C6}"
EndProject
Project("{FAE04EC0-301F-11D3-BF4B-00C04F79EFBC}") = "WpfAutoCompleteControls", "..\Submodules\WpfAutoCompleteControls\WpfAutoCompleteControls\WpfAutoCompleteControls\WpfAutoCompleteControls.csproj", "{9425AF6E-5B23-45D8-90B9-EFD5B63E81DC}"
EndProject
Project("{FAE04EC0-301F-11D3-BF4B-00C04F79EFBC}") = "PoeShared.PathOfExile", "PoeShared.PathOfExile\PoeShared.PathOfExile.csproj", "{E8FB0101-F7DF-46FA-8222-D4C9CA9289C1}"
EndProject
Project("{FAE04EC0-301F-11D3-BF4B-00C04F79EFBC}") = "PoeShared.Chromium", "PoeShared.Chromium\PoeShared.Chromium.csproj", "{6DCD5F8F-C1D8-49E6-BFD7-AF50EC8107AB}"
EndProject
Global
	GlobalSection(SolutionConfigurationPlatforms) = preSolution
		Debug|Any CPU = Debug|Any CPU
		Release|Any CPU = Release|Any CPU
	EndGlobalSection
	GlobalSection(ProjectConfigurationPlatforms) = postSolution
		{C6188345-F8DC-4CDC-8C01-ADD0A03BBF1C}.Debug|Any CPU.ActiveCfg = Debug|Any CPU
		{C6188345-F8DC-4CDC-8C01-ADD0A03BBF1C}.Debug|Any CPU.Build.0 = Debug|Any CPU
		{C6188345-F8DC-4CDC-8C01-ADD0A03BBF1C}.Release|Any CPU.ActiveCfg = Debug|Any CPU
		{C6188345-F8DC-4CDC-8C01-ADD0A03BBF1C}.Release|Any CPU.Build.0 = Debug|Any CPU
		{12DF53DD-7144-4D2D-B7A1-B4BC5BBDFB69}.Debug|Any CPU.ActiveCfg = Debug|Any CPU
		{12DF53DD-7144-4D2D-B7A1-B4BC5BBDFB69}.Debug|Any CPU.Build.0 = Debug|Any CPU
		{12DF53DD-7144-4D2D-B7A1-B4BC5BBDFB69}.Release|Any CPU.ActiveCfg = Debug|Any CPU
		{12DF53DD-7144-4D2D-B7A1-B4BC5BBDFB69}.Release|Any CPU.Build.0 = Debug|Any CPU
		{D9222C80-37C7-40F5-82CE-223F7FBBC724}.Debug|Any CPU.ActiveCfg = Debug|Any CPU
		{D9222C80-37C7-40F5-82CE-223F7FBBC724}.Debug|Any CPU.Build.0 = Debug|Any CPU
		{D9222C80-37C7-40F5-82CE-223F7FBBC724}.Release|Any CPU.ActiveCfg = Debug|Any CPU
		{D9222C80-37C7-40F5-82CE-223F7FBBC724}.Release|Any CPU.Build.0 = Debug|Any CPU
		{9BC98190-3DB1-48CD-84F7-96DC843718AE}.Debug|Any CPU.ActiveCfg = Debug|Any CPU
		{9BC98190-3DB1-48CD-84F7-96DC843718AE}.Debug|Any CPU.Build.0 = Debug|Any CPU
		{9BC98190-3DB1-48CD-84F7-96DC843718AE}.Release|Any CPU.ActiveCfg = Debug|Any CPU
		{9BC98190-3DB1-48CD-84F7-96DC843718AE}.Release|Any CPU.Build.0 = Debug|Any CPU
		{9CEE14A8-1436-4947-9C62-FF3BA83A330D}.Debug|Any CPU.ActiveCfg = Debug|Any CPU
		{9CEE14A8-1436-4947-9C62-FF3BA83A330D}.Debug|Any CPU.Build.0 = Debug|Any CPU
		{9CEE14A8-1436-4947-9C62-FF3BA83A330D}.Release|Any CPU.ActiveCfg = Debug|Any CPU
		{9CEE14A8-1436-4947-9C62-FF3BA83A330D}.Release|Any CPU.Build.0 = Debug|Any CPU
		{75B4A3DB-45C0-4639-B5A3-4D180AD4B9FB}.Debug|Any CPU.ActiveCfg = Debug|Any CPU
		{75B4A3DB-45C0-4639-B5A3-4D180AD4B9FB}.Debug|Any CPU.Build.0 = Debug|Any CPU
		{75B4A3DB-45C0-4639-B5A3-4D180AD4B9FB}.Release|Any CPU.ActiveCfg = Debug|Any CPU
		{75B4A3DB-45C0-4639-B5A3-4D180AD4B9FB}.Release|Any CPU.Build.0 = Debug|Any CPU
		{EA3109DD-675D-4837-977D-AF61B203BEBC}.Debug|Any CPU.ActiveCfg = Debug|Any CPU
		{EA3109DD-675D-4837-977D-AF61B203BEBC}.Debug|Any CPU.Build.0 = Debug|Any CPU
		{EA3109DD-675D-4837-977D-AF61B203BEBC}.Release|Any CPU.ActiveCfg = Debug|Any CPU
		{EA3109DD-675D-4837-977D-AF61B203BEBC}.Release|Any CPU.Build.0 = Debug|Any CPU
		{5745039E-24A7-40FC-9B61-F6C2EE6F3406}.Debug|Any CPU.ActiveCfg = Debug|Any CPU
		{5745039E-24A7-40FC-9B61-F6C2EE6F3406}.Debug|Any CPU.Build.0 = Debug|Any CPU
		{5745039E-24A7-40FC-9B61-F6C2EE6F3406}.Release|Any CPU.ActiveCfg = Debug|Any CPU
		{5745039E-24A7-40FC-9B61-F6C2EE6F3406}.Release|Any CPU.Build.0 = Debug|Any CPU
		{0E9B96E1-A5DC-4F5A-8F43-40BE640D50F4}.Debug|Any CPU.ActiveCfg = Debug|Any CPU
		{0E9B96E1-A5DC-4F5A-8F43-40BE640D50F4}.Debug|Any CPU.Build.0 = Debug|Any CPU
		{0E9B96E1-A5DC-4F5A-8F43-40BE640D50F4}.Release|Any CPU.ActiveCfg = Debug|Any CPU
		{0E9B96E1-A5DC-4F5A-8F43-40BE640D50F4}.Release|Any CPU.Build.0 = Debug|Any CPU
		{DA6C88EA-168E-4116-B0D1-0F732D5B4773}.Debug|Any CPU.ActiveCfg = Debug|Any CPU
		{DA6C88EA-168E-4116-B0D1-0F732D5B4773}.Debug|Any CPU.Build.0 = Debug|Any CPU
		{DA6C88EA-168E-4116-B0D1-0F732D5B4773}.Release|Any CPU.ActiveCfg = Debug|Any CPU
		{DA6C88EA-168E-4116-B0D1-0F732D5B4773}.Release|Any CPU.Build.0 = Debug|Any CPU
		{9BAED733-7C2B-4AAA-8E60-4B73B612C78E}.Debug|Any CPU.ActiveCfg = Debug|Any CPU
		{9BAED733-7C2B-4AAA-8E60-4B73B612C78E}.Debug|Any CPU.Build.0 = Debug|Any CPU
		{9BAED733-7C2B-4AAA-8E60-4B73B612C78E}.Release|Any CPU.ActiveCfg = Debug|Any CPU
		{9BAED733-7C2B-4AAA-8E60-4B73B612C78E}.Release|Any CPU.Build.0 = Debug|Any CPU
		{5CCDF7F6-C2B0-4EC4-B921-4313564BB13A}.Debug|Any CPU.ActiveCfg = Debug|Any CPU
		{5CCDF7F6-C2B0-4EC4-B921-4313564BB13A}.Debug|Any CPU.Build.0 = Debug|Any CPU
		{5CCDF7F6-C2B0-4EC4-B921-4313564BB13A}.Release|Any CPU.ActiveCfg = Debug|Any CPU
		{5CCDF7F6-C2B0-4EC4-B921-4313564BB13A}.Release|Any CPU.Build.0 = Debug|Any CPU
		{FE611685-391F-4E3E-B27E-D3150E51E49B}.Debug|Any CPU.ActiveCfg = Debug|Any CPU
		{FE611685-391F-4E3E-B27E-D3150E51E49B}.Debug|Any CPU.Build.0 = Debug|Any CPU
		{FE611685-391F-4E3E-B27E-D3150E51E49B}.Release|Any CPU.ActiveCfg = Release|Any CPU
		{FE611685-391F-4E3E-B27E-D3150E51E49B}.Release|Any CPU.Build.0 = Release|Any CPU
		{7E4E8DB5-85AD-4388-BDCB-38C6F423B8B0}.Debug|Any CPU.ActiveCfg = Debug|Any CPU
		{7E4E8DB5-85AD-4388-BDCB-38C6F423B8B0}.Debug|Any CPU.Build.0 = Debug|Any CPU
		{7E4E8DB5-85AD-4388-BDCB-38C6F423B8B0}.Release|Any CPU.ActiveCfg = Release|Any CPU
		{7E4E8DB5-85AD-4388-BDCB-38C6F423B8B0}.Release|Any CPU.Build.0 = Release|Any CPU
		{D68029E1-F012-457D-9539-FBAA9E1DB33B}.Debug|Any CPU.ActiveCfg = Debug|Any CPU
		{D68029E1-F012-457D-9539-FBAA9E1DB33B}.Debug|Any CPU.Build.0 = Debug|Any CPU
		{D68029E1-F012-457D-9539-FBAA9E1DB33B}.Release|Any CPU.ActiveCfg = Debug|Any CPU
		{D68029E1-F012-457D-9539-FBAA9E1DB33B}.Release|Any CPU.Build.0 = Debug|Any CPU
		{DC0A4ED0-09A5-4B42-B4F1-A51D04D8F714}.Debug|Any CPU.ActiveCfg = Debug|Any CPU
		{DC0A4ED0-09A5-4B42-B4F1-A51D04D8F714}.Debug|Any CPU.Build.0 = Debug|Any CPU
		{DC0A4ED0-09A5-4B42-B4F1-A51D04D8F714}.Release|Any CPU.ActiveCfg = Debug|Any CPU
		{DC0A4ED0-09A5-4B42-B4F1-A51D04D8F714}.Release|Any CPU.Build.0 = Debug|Any CPU
		{AA60411B-1EAD-4925-ACF0-2380AECE35C6}.Debug|Any CPU.ActiveCfg = Debug|Any CPU
		{AA60411B-1EAD-4925-ACF0-2380AECE35C6}.Debug|Any CPU.Build.0 = Debug|Any CPU
		{AA60411B-1EAD-4925-ACF0-2380AECE35C6}.Release|Any CPU.ActiveCfg = Debug|Any CPU
		{AA60411B-1EAD-4925-ACF0-2380AECE35C6}.Release|Any CPU.Build.0 = Debug|Any CPU
		{9425AF6E-5B23-45D8-90B9-EFD5B63E81DC}.Debug|Any CPU.ActiveCfg = Debug|Any CPU
		{9425AF6E-5B23-45D8-90B9-EFD5B63E81DC}.Debug|Any CPU.Build.0 = Debug|Any CPU
		{9425AF6E-5B23-45D8-90B9-EFD5B63E81DC}.Release|Any CPU.ActiveCfg = Release|Any CPU
		{9425AF6E-5B23-45D8-90B9-EFD5B63E81DC}.Release|Any CPU.Build.0 = Release|Any CPU
		{E8FB0101-F7DF-46FA-8222-D4C9CA9289C1}.Debug|Any CPU.ActiveCfg = Debug|Any CPU
		{E8FB0101-F7DF-46FA-8222-D4C9CA9289C1}.Debug|Any CPU.Build.0 = Debug|Any CPU
		{E8FB0101-F7DF-46FA-8222-D4C9CA9289C1}.Release|Any CPU.ActiveCfg = Release|Any CPU
		{E8FB0101-F7DF-46FA-8222-D4C9CA9289C1}.Release|Any CPU.Build.0 = Release|Any CPU
		{6DCD5F8F-C1D8-49E6-BFD7-AF50EC8107AB}.Debug|Any CPU.ActiveCfg = Debug|Any CPU
		{6DCD5F8F-C1D8-49E6-BFD7-AF50EC8107AB}.Debug|Any CPU.Build.0 = Debug|Any CPU
		{6DCD5F8F-C1D8-49E6-BFD7-AF50EC8107AB}.Release|Any CPU.ActiveCfg = Release|Any CPU
		{6DCD5F8F-C1D8-49E6-BFD7-AF50EC8107AB}.Release|Any CPU.Build.0 = Release|Any CPU
	EndGlobalSection
	GlobalSection(SolutionProperties) = preSolution
		HideSolutionNode = FALSE
	EndGlobalSection
	GlobalSection(ExtensibilityGlobals) = postSolution
		SolutionGuid = {C9371B59-E624-43BB-A522-03E0B8CEDB37}
	EndGlobalSection
EndGlobal
